
Microsoft Visual Studio Solution File, Format Version 12.00
# Visual Studio Version 17
VisualStudioVersion = 17.10.34928.147
MinimumVisualStudioVersion = 10.0.40219.1
Project("{9A19103F-16F7-4668-BE54-9A1E7A4F7556}") = "AntiRush", "src\AntiRush.csproj", "{9B2DEBE8-1EEF-47E8-B890-D15A3F0FF109}"
EndProject
Project("{9A19103F-16F7-4668-BE54-9A1E7A4F7556}") = "Menu", "Menu\src\Menu.csproj", "{5AC48D94-A9F6-4566-92A4-F78C39A9FCD6}"
EndProject
Project("{FAE04EC0-301F-11D3-BF4B-00C04F79EFBC}") = "CSSharpUtils", "CSSharpUtils\CSSharpUtils\CSSharpUtils.csproj", "{794D24A4-83A3-4F67-94DE-09087FC9554E}"
EndProject
Global
	GlobalSection(SolutionConfigurationPlatforms) = preSolution
		Debug|Any CPU = Debug|Any CPU
		Release|Any CPU = Release|Any CPU
	EndGlobalSection
	GlobalSection(ProjectConfigurationPlatforms) = postSolution
		{9B2DEBE8-1EEF-47E8-B890-D15A3F0FF109}.Debug|Any CPU.ActiveCfg = Debug|Any CPU
		{9B2DEBE8-1EEF-47E8-B890-D15A3F0FF109}.Debug|Any CPU.Build.0 = Debug|Any CPU
		{9B2DEBE8-1EEF-47E8-B890-D15A3F0FF109}.Release|Any CPU.ActiveCfg = Release|Any CPU
		{9B2DEBE8-1EEF-47E8-B890-D15A3F0FF109}.Release|Any CPU.Build.0 = Release|Any CPU
		{5AC48D94-A9F6-4566-92A4-F78C39A9FCD6}.Debug|Any CPU.ActiveCfg = Debug|Any CPU
		{5AC48D94-A9F6-4566-92A4-F78C39A9FCD6}.Debug|Any CPU.Build.0 = Debug|Any CPU
		{5AC48D94-A9F6-4566-92A4-F78C39A9FCD6}.Release|Any CPU.ActiveCfg = Release|Any CPU
		{5AC48D94-A9F6-4566-92A4-F78C39A9FCD6}.Release|Any CPU.Build.0 = Release|Any CPU
		{794D24A4-83A3-4F67-94DE-09087FC9554E}.Debug|Any CPU.ActiveCfg = Debug|Any CPU
		{794D24A4-83A3-4F67-94DE-09087FC9554E}.Debug|Any CPU.Build.0 = Debug|Any CPU
		{794D24A4-83A3-4F67-94DE-09087FC9554E}.Release|Any CPU.ActiveCfg = Release|Any CPU
		{794D24A4-83A3-4F67-94DE-09087FC9554E}.Release|Any CPU.Build.0 = Release|Any CPU
	EndGlobalSection
	GlobalSection(SolutionProperties) = preSolution
		HideSolutionNode = FALSE
	EndGlobalSection
	GlobalSection(ExtensibilityGlobals) = postSolution
		SolutionGuid = {9E0A8B2A-965F-41F5-A4FE-0443B1318011}
	EndGlobalSection
EndGlobal
